
Microsoft Visual Studio Solution File, Format Version 12.00
Project("{FAE04EC0-301F-11D3-BF4B-00C04F79EFBC}") = "SPP", "SPP\SPP.csproj", "{459BD8BA-731E-404A-BD7B-39F76D9D2EAE}"
EndProject
Global
	GlobalSection(SolutionConfigurationPlatforms) = preSolution
		Debug|Any CPU = Debug|Any CPU
		Release|Any CPU = Release|Any CPU
	EndGlobalSection
	GlobalSection(ProjectConfigurationPlatforms) = postSolution
		{459BD8BA-731E-404A-BD7B-39F76D9D2EAE}.Debug|Any CPU.ActiveCfg = Debug|Any CPU
		{459BD8BA-731E-404A-BD7B-39F76D9D2EAE}.Debug|Any CPU.Build.0 = Debug|Any CPU
		{459BD8BA-731E-404A-BD7B-39F76D9D2EAE}.Release|Any CPU.ActiveCfg = Release|Any CPU
		{459BD8BA-731E-404A-BD7B-39F76D9D2EAE}.Release|Any CPU.Build.0 = Release|Any CPU
	EndGlobalSection
EndGlobal
